
Microsoft Visual Studio Solution File, Format Version 12.00
# Visual Studio Version 16
VisualStudioVersion = 16.0.30621.155
MinimumVisualStudioVersion = 10.0.40219.1
Project("{FAE04EC0-301F-11D3-BF4B-00C04F79EFBC}") = "MocapReceiver", "MocapReceiver.csproj", "{232E32B0-971F-4965-B5FB-42422A56FE7D}"
EndProject
Global
	GlobalSection(SolutionConfigurationPlatforms) = preSolution
		Debug|Any CPU = Debug|Any CPU
		Release|Any CPU = Release|Any CPU
	EndGlobalSection
	GlobalSection(ProjectConfigurationPlatforms) = postSolution
		{232E32B0-971F-4965-B5FB-42422A56FE7D}.Debug|Any CPU.ActiveCfg = Debug|Any CPU
		{232E32B0-971F-4965-B5FB-42422A56FE7D}.Debug|Any CPU.Build.0 = Debug|Any CPU
		{232E32B0-971F-4965-B5FB-42422A56FE7D}.Release|Any CPU.ActiveCfg = Release|Any CPU
		{232E32B0-971F-4965-B5FB-42422A56FE7D}.Release|Any CPU.Build.0 = Release|Any CPU
	EndGlobalSection
	GlobalSection(SolutionProperties) = preSolution
		HideSolutionNode = FALSE
	EndGlobalSection
	GlobalSection(ExtensibilityGlobals) = postSolution
		SolutionGuid = {EDDD83EC-F397-476D-A952-5A5FD93D596C}
	EndGlobalSection
EndGlobal
